
Microsoft Visual Studio Solution File, Format Version 12.00
# Visual Studio 14
VisualStudioVersion = 14.0.25420.1
MinimumVisualStudioVersion = 10.0.40219.1
Project("{2150E333-8FDC-42A3-9474-1A3956D46DE8}") = "src", "src", "{AE5E3F48-1513-4936-9508-49CE010EE4FE}"
EndProject
Project("{2150E333-8FDC-42A3-9474-1A3956D46DE8}") = "Solution Items", "Solution Items", "{38BAE7E0-9AAE-4660-A4CC-5641FE5559BC}"
	ProjectSection(SolutionItems) = preProject
		global.json = global.json
	EndProjectSection
EndProject
Project("{8BB2217D-0F2D-49D1-97BC-3654ED321F3B}") = "Projektant", "src\Projektant\Projektant.xproj", "{2CB0D126-44AB-46F3-8D03-EABA83AC5CA3}"
EndProject
Global
	GlobalSection(SolutionConfigurationPlatforms) = preSolution
		Debug|Any CPU = Debug|Any CPU
		Release|Any CPU = Release|Any CPU
	EndGlobalSection
	GlobalSection(ProjectConfigurationPlatforms) = postSolution
		{2CB0D126-44AB-46F3-8D03-EABA83AC5CA3}.Debug|Any CPU.ActiveCfg = Debug|Any CPU
		{2CB0D126-44AB-46F3-8D03-EABA83AC5CA3}.Debug|Any CPU.Build.0 = Debug|Any CPU
		{2CB0D126-44AB-46F3-8D03-EABA83AC5CA3}.Release|Any CPU.ActiveCfg = Release|Any CPU
		{2CB0D126-44AB-46F3-8D03-EABA83AC5CA3}.Release|Any CPU.Build.0 = Release|Any CPU
	EndGlobalSection
	GlobalSection(SolutionProperties) = preSolution
		HideSolutionNode = FALSE
	EndGlobalSection
	GlobalSection(NestedProjects) = preSolution
		{2CB0D126-44AB-46F3-8D03-EABA83AC5CA3} = {AE5E3F48-1513-4936-9508-49CE010EE4FE}
	EndGlobalSection
EndGlobal
